{
  "name": "sca-test",
  "version": "1.0.0",
  "lockfileVersion": 1,
  "requires": true,
  "dependencies": {
    "express": {
      "version": "4.17.1",
      "resolved": "https://registry.npmjs.org/express/-/express-4.17.1.tgz",
      "integrity": "sha512-mhy7M7VFadf3D5BJk1/c5DRcbjT5kT0Og3+XP7yOrhGcoPcWjDvhE6OJa5+MbDmrWSQyVdqlS0XbwNQK/8BYpg=="
    },
    "lodash": {
      "version": "4.17.21",
      "resolved": "https://registry.npmjs.org/lodash/-/lodash-4.17.21.tgz",
      "integrity": "sha512-v2kDEf+3o9lDKcEiBq9J4FsUBpRObgP3ZfhH+G1Vx/hG5hWj5W1N7tkI2R7GJhlDqHp4wMIRhK7e+8Vv4+8Lqw=="
    },
    "axios": {
      "version": "0.21.1",
      "resolved": "https://registry.npmjs.org/axios/-/axios-0.21.1.tgz",
      "integrity": "sha512-fv5Vu6ikv85xCuYxE8C5c5PSZ3kBqMQzyxUu5Ev0/rEEafn+CE1U0fRtlMj8f/8KoAJoV+1hxqHlBHGZaT0W+Q=="
    },
    "moment": {
      "version": "2.29.1",
      "resolved": "https://registry.npmjs.org/moment/-/moment-2.29.1.tgz",
      "integrity": "sha512-qTXRIMyZIFb8pX9O7lbLOeb/RlyftcsZ2tjj7ZHXzVfrsSiEEL7yy8v3Cz5T2QlmAD9VtD5/S7Y15H7D9jXnTA=="
    },
    "mongoose": {
      "version": "5.12.3",
      "resolved": "https://registry.npmjs.org/mongoose/-/mongoose-5.12.3.tgz",
      "integrity": "sha512-X4+mU+OkEK+nbRBzYvC40EStF1t0jH3hbeBEmSwoTLekF8DWwMiEIoFAiYcTAxgL/l7AW74MBWtwia0j9VqGVw=="
    }
  }
}
